<?xml version="1.0" encoding="utf-8"?>
<Project ToolsVersion="4.0" xmlns="http://schemas.microsoft.com/developer/msbuild/2003">
  <ItemGroup>
    <Filter Include="Source Files">
      <UniqueIdentifier>{F20C2AF1-5638-487D-9026-4179B884B56D}</UniqueIdentifier>
      <Extensions>cpp;c;cxx</Extensions>
    </Filter>
    <Filter Include="Header Files">
      <UniqueIdentifier>{B927C81B-C493-43D5-B856-6E979DCCCA33}</UniqueIdentifier>
      <Extensions>h;hpp;hxx</Extensions>
    </Filter>
    <Filter Include="Resource Files">
      <UniqueIdentifier>{925FBC24-E2BB-4829-9D62-20EE8AC93D9B}</UniqueIdentifier>
      <Extensions>rc;ico;manifest</Extensions>
    </Filter>
  </ItemGroup>
  <ItemGroup>
    <ClCompile Include="main.cpp"><Filter>Source Files</Filter></ClCompile>
    <ClCompile Include="festival_bridge.cpp"><Filter>Source Files</Filter></ClCompile>
    <ClCompile Include="piano_roll.cpp"><Filter>Source Files</Filter></ClCompile>
    <ClCompile Include="song_model.cpp"><Filter>Source Files</Filter></ClCompile>
    <ClCompile Include="sample_pool.cpp">
      <Filter>Source Files</Filter>
    </ClCompile>
    <ClCompile Include="tone_preview.cpp"><Filter>Source Files</Filter></ClCompile>
    <ClCompile Include="waveform_editor.cpp"><Filter>Source Files</Filter></ClCompile>
    <ClCompile Include="slice_model.cpp"><Filter>Source Files</Filter></ClCompile>
  </ItemGroup>
  <ItemGroup>
    <ClInclude Include="festival_bridge.h"><Filter>Header Files</Filter></ClInclude>
    <ClInclude Include="piano_roll.h"><Filter>Header Files</Filter></ClInclude>
    <ClInclude Include="song_model.h"><Filter>Header Files</Filter></ClInclude>
    <ClInclude Include="sample_pool.h">
      <Filter>Header Files</Filter>
    </ClInclude>
    <ClInclude Include="tone_preview.h"><Filter>Header Files</Filter></ClInclude>
    <ClInclude Include="waveform_editor.h"><Filter>Header Files</Filter></ClInclude>
    <ClInclude Include="slice_model.h"><Filter>Header Files</Filter></ClInclude>
  </ItemGroup>
  <ItemGroup>
    <ResourceCompile Include="FestivalSingModeWx.rc"><Filter>Resource Files</Filter></ResourceCompile>
    <Manifest Include="app.manifest"><Filter>Resource Files</Filter></Manifest>
  </ItemGroup>
</Project>
